<?xml version="1.0" encoding="utf-8"?>
<Project ToolsVersion="4.0" xmlns="http://schemas.microsoft.com/developer/msbuild/2003">
  <ItemGroup>
    <Filter Include="Source Files">
      <UniqueIdentifier>{4FC737F1-C7A5-4376-A066-2A32D752A2FF}</UniqueIdentifier>
      <Extensions>cpp;c;cc;cxx;def;odl;idl;hpj;bat;asm;asmx</Extensions>
    </Filter>
    <Filter Include="Header Files">
      <UniqueIdentifier>{93995380-89BD-4b04-88EB-625FBE52EBFB}</UniqueIdentifier>
      <Extensions>h;hh;hpp;hxx;hm;inl;inc;xsd</Extensions>
    </Filter>
    <Filter Include="Resource Files">
      <UniqueIdentifier>{67DA6AB6-F800-4c08-8B7A-83BB121AAD01}</UniqueIdentifier>
      <Extensions>rc;ico;cur;bmp;dlg;rc2;rct;bin;rgs;gif;jpg;jpeg;jpe;resx;tiff;tif;png;wav;mfcribbon-ms</Extensions>
    </Filter>
    <Filter Include="Resource Files\shaders">
      <UniqueIdentifier>{535d2ac0-c196-485d-9514-6c80412d91c4}</UniqueIdentifier>
      <ParseFiles>true</ParseFiles>
    </Filter>
    <Filter Include="Resource Files\shaders\deferredRendering">
      <UniqueIdentifier>{d9f92b09-94da-4f98-a46e-7759b4bafdc7}</UniqueIdentifier>
    </Filter>
    <Filter Include="Resource Files\shaders\postProcess">
      <UniqueIdentifier>{40549c26-ac47-4820-9a7b-465201ff1c03}</UniqueIdentifier>
    </Filter>
    <Filter Include="Resource Files\shaders\gpuParticle">
      <UniqueIdentifier>{d187ff61-3cf6-4b97-b0c5-95d0b07002e6}</UniqueIdentifier>
    </Filter>
    <Filter Include="Resource Files\shaders\shadows">
      <UniqueIdentifier>{27bee07d-b6ad-4987-b666-9f18314c304f}</UniqueIdentifier>
    </Filter>
    <Filter Include="Resource Files\shaders\deferredRenderingPart2">
      <UniqueIdentifier>{5cc240cb-a7e8-4866-b902-9ccd0b91f674}</UniqueIdentifier>
    </Filter>
    <Filter Include="Resource Files\shaders\procedural">
      <UniqueIdentifier>{2c830a45-c68e-41d2-a29f-7585b8408717}</UniqueIdentifier>
    </Filter>
  </ItemGroup>
  <ItemGroup>
    <ClCompile Include="src\main.cpp">
      <Filter>Source Files</Filter>
    </ClCompile>
    <ClCompile Include="dep\aieutilities-master\aie\Gizmos.cpp">
      <Filter>Source Files</Filter>
    </ClCompile>
    <ClCompile Include="src\Camera.cpp">
      <Filter>Source Files</Filter>
    </ClCompile>
    <ClCompile Include="src\introToOpenGl.cpp">
      <Filter>Source Files</Filter>
    </ClCompile>
    <ClCompile Include="src\RenderingGeo.cpp">
      <Filter>Source Files</Filter>
    </ClCompile>
    <ClCompile Include="src\APP_ObjLoader.cpp">
      <Filter>Source Files</Filter>
    </ClCompile>
    <ClCompile Include="dep\tinyOBJ\tiny_obj_loader.cc">
      <Filter>Resource Files</Filter>
    </ClCompile>
    <ClCompile Include="src\App_LoadingTextures.cpp">
      <Filter>Source Files</Filter>
    </ClCompile>
    <ClCompile Include="src\APP_LoadFbx.cpp">
      <Filter>Source Files</Filter>
    </ClCompile>
    <ClCompile Include="src\APP_AdvTexturing.cpp">
      <Filter>Source Files</Filter>
    </ClCompile>
    <ClCompile Include="src\APP_Animation.cpp">
      <Filter>Source Files</Filter>
    </ClCompile>
    <ClCompile Include="src\APP_Particles_emitter.cpp">
      <Filter>Source Files</Filter>
    </ClCompile>
    <ClCompile Include="src\APP_Particles.cpp">
      <Filter>Source Files</Filter>
    </ClCompile>
    <ClCompile Include="src\APP_GpuParticles.cpp">
      <Filter>Source Files</Filter>
    </ClCompile>
    <ClCompile Include="src\APP_SpotRotate.cpp">
      <Filter>Source Files</Filter>
    </ClCompile>
    <ClCompile Include="src\APP_SceneManagment.cpp">
      <Filter>Source Files</Filter>
    </ClCompile>
    <ClCompile Include="src\APP_RenderTargets.cpp">
      <Filter>Source Files</Filter>
    </ClCompile>
    <ClCompile Include="src\APP_PostProcessing.cpp">
      <Filter>Source Files</Filter>
    </ClCompile>
    <ClCompile Include="src\APP_Shadows.cpp">
      <Filter>Source Files</Filter>
    </ClCompile>
    <ClCompile Include="src\APP_DeferredRendering.cpp">
      <Filter>Source Files</Filter>
    </ClCompile>
    <ClCompile Include="src\APP_ProceduralGeneration.cpp">
      <Filter>Source Files</Filter>
    </ClCompile>
  </ItemGroup>
  <ItemGroup>
    <ClInclude Include="dep\aieutilities-master\aie\Gizmos.h">
      <Filter>Source Files</Filter>
    </ClInclude>
    <ClInclude Include="src\Camera.h">
      <Filter>Header Files</Filter>
    </ClInclude>
    <ClInclude Include="src\Application.h">
      <Filter>Header Files</Filter>
    </ClInclude>
    <ClInclude Include="src\IntroToOpenGL.h">
      <Filter>Header Files</Filter>
    </ClInclude>
    <ClInclude Include="src\RenderingGeo.h">
      <Filter>Header Files</Filter>
    </ClInclude>
    <ClInclude Include="src\APP_ObjLoader.h">
      <Filter>Header Files</Filter>
    </ClInclude>
    <ClInclude Include="dep\tinyOBJ\tiny_obj_loader.h">
      <Filter>Resource Files</Filter>
    </ClInclude>
    <ClInclude Include="src\App_LoadingTextures.h">
      <Filter>Header Files</Filter>
    </ClInclude>
    <ClInclude Include="src\APP_LoadFbx.h">
      <Filter>Header Files</Filter>
    </ClInclude>
    <ClInclude Include="src\APP_AdvTexturing.h">
      <Filter>Header Files</Filter>
    </ClInclude>
    <ClInclude Include="src\APP_Animation.h">
      <Filter>Header Files</Filter>
    </ClInclude>
    <ClInclude Include="src\APP_Particles_emitter.h">
      <Filter>Header Files</Filter>
    </ClInclude>
    <ClInclude Include="src\APP_Particles.h">
      <Filter>Header Files</Filter>
    </ClInclude>
    <ClInclude Include="src\APP_GpuParticles.h">
      <Filter>Header Files</Filter>
    </ClInclude>
    <ClInclude Include="src\APP_SpotRotate.h">
      <Filter>Header Files</Filter>
    </ClInclude>
    <ClInclude Include="src\APP_SceneManagment.h">
      <Filter>Header Files</Filter>
    </ClInclude>
    <ClInclude Include="src\APP_RenderTargets.h">
      <Filter>Header Files</Filter>
    </ClInclude>
    <ClInclude Include="src\APP_PostProcessing.h">
      <Filter>Header Files</Filter>
    </ClInclude>
    <ClInclude Include="src\APP_Shadows.h">
      <Filter>Header Files</Filter>
    </ClInclude>
    <ClInclude Include="src\APP_DeferredRendering.h">
      <Filter>Header Files</Filter>
    </ClInclude>
    <ClInclude Include="src\APP_ProceduralGeneration.h">
      <Filter>Header Files</Filter>
    </ClInclude>
  </ItemGroup>
  <ItemGroup>
    <None Include="assets\shaders\AdvTexVertexShader.glsl">
      <Filter>Resource Files\shaders</Filter>
    </None>
    <None Include="assets\shaders\FBXFragShader.glsl">
      <Filter>Resource Files\shaders</Filter>
    </None>
    <None Include="assets\shaders\FBXVertexShader.glsl">
      <Filter>Resource Files\shaders</Filter>
    </None>
    <None Include="assets\shaders\FragShader.glsl">
      <Filter>Resource Files\shaders</Filter>
    </None>
    <None Include="assets\shaders\VertexShader.glsl">
      <Filter>Resource Files\shaders</Filter>
    </None>
    <None Include="assets\shaders\AnimFragShader.glsl">
      <Filter>Resource Files\shaders</Filter>
    </None>
    <None Include="assets\shaders\AnimVertexShader.glsl">
      <Filter>Resource Files\shaders</Filter>
    </None>
    <None Include="assets\shaders\AdvTexFragShader.glsl">
      <Filter>Resource Files\shaders</Filter>
    </None>
    <None Include="assets\shaders\particleFragShader.glsl">
      <Filter>Resource Files\shaders</Filter>
    </None>
    <None Include="assets\shaders\particleVertexShader.glsl">
      <Filter>Resource Files\shaders</Filter>
    </None>
    <None Include="assets\shaders\RotateFragShader.frag">
      <Filter>Resource Files\shaders</Filter>
    </None>
    <None Include="assets\shaders\RotateVertShader.vert">
      <Filter>Resource Files\shaders</Filter>
    </None>
    <None Include="assets\shaders\deferredRendering\gBufferVertShader.vert">
      <Filter>Resource Files\shaders\deferredRendering</Filter>
    </None>
    <None Include="assets\shaders\PostProcessWorldVertShader.vert">
      <Filter>Resource Files\shaders\postProcess</Filter>
    </None>
    <None Include="assets\shaders\PostProcessFragShader.frag">
      <Filter>Resource Files\shaders\postProcess</Filter>
    </None>
    <None Include="assets\shaders\PostProcessObjVertShader.vert">
      <Filter>Resource Files\shaders\postProcess</Filter>
    </None>
    <None Include="assets\shaders\GPUParticleVertexUpdateShader.vert">
      <Filter>Resource Files\shaders\gpuParticle</Filter>
    </None>
    <None Include="assets\shaders\GPUParticleFragShader.frag">
      <Filter>Resource Files\shaders\gpuParticle</Filter>
    </None>
    <None Include="assets\shaders\GPUParticleGeoShader.geom">
      <Filter>Resource Files\shaders\gpuParticle</Filter>
    </None>
    <None Include="assets\shaders\GPUParticleVertexShader.vert">
      <Filter>Resource Files\shaders\gpuParticle</Filter>
    </None>
    <None Include="assets\shaders\Shadow_shadowFragShader.frag">
      <Filter>Resource Files\shaders\shadows</Filter>
    </None>
    <None Include="assets\shaders\Shadow_shadowVertexShader.vert">
      <Filter>Resource Files\shaders\shadows</Filter>
    </None>
    <None Include="assets\shaders\ShadowFragShader.frag">
      <Filter>Resource Files\shaders\shadows</Filter>
    </None>
    <None Include="assets\shaders\ShadowVertexShader.vert">
      <Filter>Resource Files\shaders\shadows</Filter>
    </None>
    <None Include="assets\shaders\deferredRendering\compositeFragShader.frag">
      <Filter>Resource Files\shaders\deferredRendering</Filter>
    </None>
    <None Include="assets\shaders\deferredRendering\compositeVertShader.vert">
      <Filter>Resource Files\shaders\deferredRendering</Filter>
    </None>
    <None Include="assets\shaders\deferredRendering\gBufferFragShader.frag">
      <Filter>Resource Files\shaders\deferredRendering</Filter>
    </None>
    <None Include="assets\shaders\deferredRendering\directionalLightFragShader.frag">
      <Filter>Resource Files\shaders\deferredRendering</Filter>
    </None>
    <None Include="assets\shaders\deferredRendering\directionalLightVertShader.vert">
      <Filter>Resource Files\shaders\deferredRendering</Filter>
    </None>
    <None Include="assets\shaders\deferredRendering\pointLightFragShader.frag">
      <Filter>Resource Files\shaders\deferredRenderingPart2</Filter>
    </None>
    <None Include="assets\shaders\deferredRendering\pointLightVertShader.vert">
      <Filter>Resource Files\shaders\deferredRenderingPart2</Filter>
    </None>
    <None Include="assets\shaders\procGeneration\proceduralFragShader.frag">
      <Filter>Resource Files\shaders\procedural</Filter>
    </None>
    <None Include="assets\shaders\procGeneration\proceduralVertShader.vert">
      <Filter>Resource Files\shaders\procedural</Filter>
    </None>
  </ItemGroup>
</Project>